
Microsoft Visual Studio Solution File, Format Version 12.00
# Visual Studio Version 17
VisualStudioVersion = 17.5.33530.505
MinimumVisualStudioVersion = 10.0.40219.1
Project("{FAE04EC0-301F-11D3-BF4B-00C04F79EFBC}") = "Unidad3_Excepciones_métodosdeOrdenamiento", "Unidad3_Excepciones_métodosdeOrdenamiento\Unidad3_Excepciones_métodosdeOrdenamiento.csproj", "{84ACD43E-32E7-46CA-8AB4-BF7B99F1256A}"
EndProject
Global
	GlobalSection(SolutionConfigurationPlatforms) = preSolution
		Debug|Any CPU = Debug|Any CPU
		Release|Any CPU = Release|Any CPU
	EndGlobalSection
	GlobalSection(ProjectConfigurationPlatforms) = postSolution
		{84ACD43E-32E7-46CA-8AB4-BF7B99F1256A}.Debug|Any CPU.ActiveCfg = Debug|Any CPU
		{84ACD43E-32E7-46CA-8AB4-BF7B99F1256A}.Debug|Any CPU.Build.0 = Debug|Any CPU
		{84ACD43E-32E7-46CA-8AB4-BF7B99F1256A}.Release|Any CPU.ActiveCfg = Release|Any CPU
		{84ACD43E-32E7-46CA-8AB4-BF7B99F1256A}.Release|Any CPU.Build.0 = Release|Any CPU
	EndGlobalSection
	GlobalSection(SolutionProperties) = preSolution
		HideSolutionNode = FALSE
	EndGlobalSection
	GlobalSection(ExtensibilityGlobals) = postSolution
		SolutionGuid = {F738FC16-C460-4723-B929-16D703D5FE14}
	EndGlobalSection
EndGlobal
